{
  "name": "example-tsc-codebase",
  "lockfileVersion": 2,
  "requires": true,
  "packages": {
    "": {
      "name": "example-tsc-codebase",
      "dependencies": {
        "@type-zen/ts-plugin": "file:..",
        "typescript": "^5.0.2"
      }
    },
    "..": {
      "version": "0.0.1",
      "license": "MIT",
      "dependencies": {
        "@type-zen/core": "latest"
      }
    },
    "node_modules/@type-zen/ts-plugin": {
      "resolved": "..",
      "link": true
    },
    "node_modules/typescript": {
      "version": "5.0.2",
      "resolved": "https://registry.npmjs.org/typescript/-/typescript-5.0.2.tgz",
      "integrity": "sha512-wVORMBGO/FAs/++blGNeAVdbNKtIh1rbBL2EyQ1+J9lClJ93KiiKe8PmFIVdXhHcyv44SL9oglmfeSsndo0jRw==",
      "bin": {
        "tsc": "bin/tsc",
        "tsserver": "bin/tsserver"
      },
      "engines": {
        "node": ">=12.20"
      }
    }
  },
  "dependencies": {
    "@type-zen/ts-plugin": {
      "version": "file:..",
      "requires": {
        "@type-zen/core": "latest"
      }
    },
    "typescript": {
      "version": "5.0.2",
      "resolved": "https://registry.npmjs.org/typescript/-/typescript-5.0.2.tgz",
      "integrity": "sha512-wVORMBGO/FAs/++blGNeAVdbNKtIh1rbBL2EyQ1+J9lClJ93KiiKe8PmFIVdXhHcyv44SL9oglmfeSsndo0jRw=="
    }
  }
}
