{
  "name": "type-zen-ts-plugin-example",
  "lockfileVersion": 2,
  "requires": true,
  "packages": {
    "": {
      "name": "type-zen-ts-plugin-example",
      "devDependencies": {
        "@type-zen/preset-type": "^0.2.0",
        "@type-zen/ts-plugin": "file:..",
        "typescript": "^5.0.2"
      }
    },
    "..": {
      "name": "@type-zen/ts-plugin",
      "version": "0.1.0",
      "dev": true,
      "license": "MIT",
      "dependencies": {
        "@type-zen/core": "^0.0.1-alpha.17"
      }
    },
    "../../../node_modules/.pnpm/@phenomnomnominal+tsquery@5.0.1/node_modules/@phenomnomnominal/tsquery": {
      "version": "5.0.1",
      "extraneous": true,
      "license": "MIT",
      "dependencies": {
        "esquery": "^1.4.0"
      },
      "devDependencies": {
        "@types/jest": "^27.4.1",
        "@types/node": "^17.0.25",
        "jest": "^27.5.1",
        "rimraf": "^3.0.2",
        "ts-jest": "^27.1.4",
        "tslint": "^6.1.3",
        "typescript": "^4.6.3"
      },
      "peerDependencies": {
        "typescript": "^3 || ^4 || ^5"
      }
    },
    "../../../node_modules/.pnpm/@types+moo@0.5.5/node_modules/@types/moo": {
      "version": "0.5.5",
      "dev": true,
      "license": "MIT"
    },
    "../../../node_modules/.pnpm/@types+nearley@2.11.2/node_modules/@types/nearley": {
      "version": "2.11.2",
      "dev": true,
      "license": "MIT"
    },
    "../../../node_modules/.pnpm/jiti@1.18.2/node_modules/jiti": {
      "version": "1.18.2",
      "extraneous": true,
      "license": "MIT",
      "bin": {
        "jiti": "bin/jiti.js"
      },
      "devDependencies": {
        "@babel/core": "^7.21.3",
        "@babel/plugin-proposal-decorators": "^7.21.0",
        "@babel/plugin-proposal-export-namespace-from": "^7.18.9",
        "@babel/plugin-proposal-nullish-coalescing-operator": "^7.18.6",
        "@babel/plugin-proposal-optional-chaining": "^7.21.0",
        "@babel/plugin-syntax-class-properties": "^7.12.13",
        "@babel/plugin-syntax-import-assertions": "^7.20.0",
        "@babel/plugin-transform-modules-commonjs": "^7.21.2",
        "@babel/plugin-transform-typescript": "^7.21.3",
        "@babel/preset-typescript": "^7.21.0",
        "@babel/template": "^7.20.7",
        "@babel/types": "^7.21.3",
        "@types/babel__core": "^7.20.0",
        "@types/babel__template": "^7.4.1",
        "@types/node": "^18.15.3",
        "@types/object-hash": "^3.0.2",
        "@types/resolve": "^1.20.2",
        "@types/semver": "^7.3.13",
        "@vitest/coverage-c8": "^0.29.2",
        "acorn": "^8.8.2",
        "babel-plugin-dynamic-import-node": "^2.3.3",
        "babel-plugin-parameter-decorator": "^1.0.16",
        "babel-plugin-transform-typescript-metadata": "^0.3.2",
        "changelogen": "^0.5.1",
        "config": "^3.3.9",
        "create-require": "^1.1.1",
        "cross-env": "^7.0.3",
        "destr": "^1.2.2",
        "escape-string-regexp": "^5.0.0",
        "eslint": "^8.36.0",
        "eslint-config-unjs": "^0.1.0",
        "esm": "^3.2.25",
        "estree-walker": "^3.0.3",
        "execa": "^7.1.1",
        "fast-glob": "^3.2.12",
        "mlly": "^1.2.0",
        "object-hash": "^3.0.0",
        "pathe": "^1.1.0",
        "pirates": "^4.0.5",
        "pkg-types": "^1.0.2",
        "prettier": "^2.8.4",
        "reflect-metadata": "^0.1.13",
        "semver": "^7.3.8",
        "std-env": "^3.3.2",
        "terser-webpack-plugin": "^5.3.7",
        "ts-loader": "^9.4.2",
        "tslib": "^2.5.0",
        "typescript": "^4.9.5",
        "vite": "^4.1.4",
        "vitest": "^0.29.2",
        "webpack": "^5.76.1",
        "webpack-cli": "^5.0.1"
      }
    },
    "../../../node_modules/.pnpm/moo@0.5.2/node_modules/moo": {
      "version": "0.5.2",
      "dev": true,
      "license": "BSD-3-Clause",
      "devDependencies": {
        "benchr": "^3.2.0",
        "chevrotain": "4.2.0",
        "jest": "24.7.1",
        "lex": "^1.7.9",
        "lexing": "^0.8.0",
        "remix": "^0.1.4",
        "tokenizer2": "^2.0.0"
      }
    },
    "../../../node_modules/.pnpm/nanoid@4.0.2/node_modules/nanoid": {
      "version": "4.0.2",
      "dev": true,
      "funding": [
        {
          "type": "github",
          "url": "https://github.com/sponsors/ai"
        }
      ],
      "license": "MIT",
      "bin": {
        "nanoid": "bin/nanoid.js"
      },
      "engines": {
        "node": "^14 || ^16 || >=18"
      }
    },
    "../../../node_modules/.pnpm/nearley@2.20.1/node_modules/nearley": {
      "version": "2.20.1",
      "dev": true,
      "license": "MIT",
      "dependencies": {
        "commander": "^2.19.0",
        "moo": "^0.5.0",
        "railroad-diagrams": "^1.0.0",
        "randexp": "0.4.6"
      },
      "bin": {
        "nearley-railroad": "bin/nearley-railroad.js",
        "nearley-test": "bin/nearley-test.js",
        "nearley-unparse": "bin/nearley-unparse.js",
        "nearleyc": "bin/nearleyc.js"
      },
      "devDependencies": {
        "@types/moo": "^0.3.0",
        "@types/node": "^7.0.27",
        "babel-cli": "^6.18.0",
        "babel-preset-env": "^1.6.0",
        "benchr": "^3.2.0",
        "coffee-script": "^1.10.0",
        "doctoc": "^1.3.0",
        "expect": "^1.20.2",
        "microtime": "^2.1.2",
        "mocha": "^8.2.1",
        "typescript": "^2.6.1"
      },
      "funding": {
        "type": "individual",
        "url": "https://nearley.js.org/#give-to-nearley"
      }
    },
    "../../../node_modules/.pnpm/node-watch@0.7.3/node_modules/node-watch": {
      "version": "0.7.3",
      "dev": true,
      "license": "MIT",
      "devDependencies": {
        "fs-extra": "^7.0.1",
        "mocha": "^5.2.0"
      },
      "engines": {
        "node": ">=6"
      }
    },
    "../../../node_modules/.pnpm/randexp@0.5.3/node_modules/randexp": {
      "version": "0.5.3",
      "dev": true,
      "license": "MIT",
      "dependencies": {
        "drange": "^1.0.2",
        "ret": "^0.2.0"
      },
      "devDependencies": {
        "browserify": "^16.1.0",
        "gulp": "^3.9.0",
        "gulp-header": "^2.0.1",
        "gulp-insert": "^0.5.0",
        "gulp-uglify": "^3.0.0",
        "istanbul": "*",
        "mocha": "^5.0.0",
        "vinyl-buffer": "^1.0.1",
        "vinyl-source-stream": "^1.1.2"
      },
      "engines": {
        "node": ">=4"
      }
    },
    "../../../node_modules/.pnpm/replace-in-file@6.3.5/node_modules/replace-in-file": {
      "version": "6.3.5",
      "dev": true,
      "license": "MIT",
      "dependencies": {
        "chalk": "^4.1.2",
        "glob": "^7.2.0",
        "yargs": "^17.2.1"
      },
      "bin": {
        "replace-in-file": "bin/cli.js"
      },
      "devDependencies": {
        "@babel/cli": "^7.15.7",
        "@babel/core": "^7.15.8",
        "@babel/preset-env": "^7.15.8",
        "@babel/register": "^7.15.3",
        "babel-plugin-istanbul": "^6.1.1",
        "bluebird": "^3.7.2",
        "chai": "^4.3.4",
        "chai-as-promised": "^7.1.1",
        "dirty-chai": "^2.0.1",
        "mocha": "^9.1.3",
        "nyc": "^15.0.1"
      },
      "engines": {
        "node": ">=10"
      }
    },
    "../../../node_modules/.pnpm/ts-morph@18.0.0/node_modules/ts-morph": {
      "version": "18.0.0",
      "extraneous": true,
      "license": "MIT",
      "dependencies": {
        "@ts-morph/common": "~0.19.0",
        "code-block-writer": "^12.0.0"
      },
      "devDependencies": {
        "@rollup/plugin-typescript": "^11.0.0",
        "@types/chai": "^4.3.4",
        "@types/diff": "^5.0.3",
        "@types/mocha": "^10.0.1",
        "@types/node": "^18.15.9",
        "chai": "^4.3.7",
        "conditional-type-checks": "^1.0.6",
        "cross-env": "^7.0.3",
        "diff": "^5.1.0",
        "mocha": "10.2.0",
        "rimraf": "^4.4.1",
        "rollup": "=3.20.2",
        "ts-node": "10.9.1",
        "typescript": "~5.0.2"
      }
    },
    "../../../node_modules/.pnpm/zod@3.21.4/node_modules/zod": {
      "version": "3.21.4",
      "dev": true,
      "license": "MIT",
      "devDependencies": {
        "@rollup/plugin-typescript": "^8.2.0",
        "@types/benchmark": "^2.1.0",
        "@types/jest": "^29.2.2",
        "@types/node": "14",
        "@typescript-eslint/eslint-plugin": "^5.15.0",
        "@typescript-eslint/parser": "^5.15.0",
        "benchmark": "^2.1.4",
        "dependency-cruiser": "^9.19.0",
        "eslint": "^8.11.0",
        "eslint-config-prettier": "^8.5.0",
        "eslint-plugin-ban": "^1.6.0",
        "eslint-plugin-import": "^2.25.4",
        "eslint-plugin-simple-import-sort": "^7.0.0",
        "eslint-plugin-unused-imports": "^2.0.0",
        "husky": "^7.0.4",
        "jest": "^29.3.1",
        "lint-staged": "^12.3.7",
        "nodemon": "^2.0.15",
        "prettier": "^2.6.0",
        "pretty-quick": "^3.1.3",
        "rollup": "^2.70.1",
        "ts-jest": "^29.0.3",
        "ts-morph": "^14.0.0",
        "ts-node": "^10.9.1",
        "tslib": "^2.3.1",
        "tsx": "^3.8.0",
        "typescript": "~4.5.0"
      },
      "funding": {
        "url": "https://github.com/sponsors/colinhacks"
      }
    },
    "../../core": {
      "name": "@type-zen/core",
      "version": "0.0.1-alpha.17",
      "dev": true,
      "license": "MIT",
      "devDependencies": {
        "@type-zen/preset-type": "workspace:*",
        "@types/moo": "^0.5.5",
        "@types/nearley": "^2.11.2",
        "moo": "^0.5.2",
        "nanoid": "^4.0.1",
        "nearley": "^2.20.1",
        "node-watch": "^0.7.3",
        "randexp": "^0.5.3",
        "replace-in-file": "^6.3.5",
        "zod": "^3.20.6"
      }
    },
    "../../core/node_modules/@type-zen/preset-type": {
      "resolved": "../../preset-type",
      "link": true
    },
    "../../core/node_modules/@types/moo": {
      "resolved": "../../../node_modules/.pnpm/@types+moo@0.5.5/node_modules/@types/moo",
      "link": true
    },
    "../../core/node_modules/@types/nearley": {
      "resolved": "../../../node_modules/.pnpm/@types+nearley@2.11.2/node_modules/@types/nearley",
      "link": true
    },
    "../../core/node_modules/moo": {
      "resolved": "../../../node_modules/.pnpm/moo@0.5.2/node_modules/moo",
      "link": true
    },
    "../../core/node_modules/nanoid": {
      "resolved": "../../../node_modules/.pnpm/nanoid@4.0.2/node_modules/nanoid",
      "link": true
    },
    "../../core/node_modules/nearley": {
      "resolved": "../../../node_modules/.pnpm/nearley@2.20.1/node_modules/nearley",
      "link": true
    },
    "../../core/node_modules/node-watch": {
      "resolved": "../../../node_modules/.pnpm/node-watch@0.7.3/node_modules/node-watch",
      "link": true
    },
    "../../core/node_modules/randexp": {
      "resolved": "../../../node_modules/.pnpm/randexp@0.5.3/node_modules/randexp",
      "link": true
    },
    "../../core/node_modules/replace-in-file": {
      "resolved": "../../../node_modules/.pnpm/replace-in-file@6.3.5/node_modules/replace-in-file",
      "link": true
    },
    "../../core/node_modules/zod": {
      "resolved": "../../../node_modules/.pnpm/zod@3.21.4/node_modules/zod",
      "link": true
    },
    "../../preset-type": {
      "name": "@type-zen/preset-type",
      "version": "0.2.0",
      "dev": true,
      "license": "MIT"
    },
    "../node_modules/@type-zen/core": {
      "resolved": "../../core",
      "link": true
    },
    "node_modules/@type-zen/preset-type": {
      "version": "0.2.0",
      "dev": true,
      "license": "MIT"
    },
    "node_modules/@type-zen/ts-plugin": {
      "resolved": "..",
      "link": true
    },
    "node_modules/typescript": {
      "version": "5.0.3",
      "resolved": "https://registry.npmjs.org/typescript/-/typescript-5.0.3.tgz",
      "integrity": "sha512-xv8mOEDnigb/tN9PSMTwSEqAnUvkoXMQlicOb0IUVDBSQCgBSaAAROUZYy2IcUy5qU6XajK5jjjO7TMWqBTKZA==",
      "dev": true,
      "bin": {
        "tsc": "bin/tsc",
        "tsserver": "bin/tsserver"
      },
      "engines": {
        "node": ">=12.20"
      }
    }
  },
  "dependencies": {
    "@type-zen/preset-type": {
      "version": "0.2.0",
      "dev": true
    },
    "@type-zen/ts-plugin": {
      "version": "file:..",
      "requires": {
        "@type-zen/core": "^0.0.1-alpha.17"
      },
      "dependencies": {
        "@type-zen/core": {
          "version": "file:../../core",
          "requires": {
            "@type-zen/preset-type": "workspace:*",
            "@types/moo": "^0.5.5",
            "@types/nearley": "^2.11.2",
            "moo": "^0.5.2",
            "nanoid": "^4.0.1",
            "nearley": "^2.20.1",
            "node-watch": "^0.7.3",
            "randexp": "^0.5.3",
            "replace-in-file": "^6.3.5",
            "zod": "^3.20.6"
          },
          "dependencies": {
            "@type-zen/preset-type": {
              "version": "file:../../preset-type"
            },
            "@types/moo": {
              "version": "file:../../../node_modules/.pnpm/@types+moo@0.5.5/node_modules/@types/moo"
            },
            "@types/nearley": {
              "version": "file:../../../node_modules/.pnpm/@types+nearley@2.11.2/node_modules/@types/nearley"
            },
            "moo": {
              "version": "file:../../../node_modules/.pnpm/moo@0.5.2/node_modules/moo",
              "requires": {
                "benchr": "^3.2.0",
                "chevrotain": "4.2.0",
                "jest": "24.7.1",
                "lex": "^1.7.9",
                "lexing": "^0.8.0",
                "remix": "^0.1.4",
                "tokenizer2": "^2.0.0"
              }
            },
            "nanoid": {
              "version": "file:../../../node_modules/.pnpm/nanoid@4.0.2/node_modules/nanoid"
            },
            "nearley": {
              "version": "file:../../../node_modules/.pnpm/nearley@2.20.1/node_modules/nearley",
              "requires": {
                "@types/moo": "^0.3.0",
                "@types/node": "^7.0.27",
                "babel-cli": "^6.18.0",
                "babel-preset-env": "^1.6.0",
                "benchr": "^3.2.0",
                "coffee-script": "^1.10.0",
                "commander": "^2.19.0",
                "doctoc": "^1.3.0",
                "expect": "^1.20.2",
                "microtime": "^2.1.2",
                "mocha": "^8.2.1",
                "moo": "^0.5.0",
                "railroad-diagrams": "^1.0.0",
                "randexp": "0.4.6",
                "typescript": "^2.6.1"
              }
            },
            "node-watch": {
              "version": "file:../../../node_modules/.pnpm/node-watch@0.7.3/node_modules/node-watch",
              "requires": {
                "fs-extra": "^7.0.1",
                "mocha": "^5.2.0"
              }
            },
            "randexp": {
              "version": "file:../../../node_modules/.pnpm/randexp@0.5.3/node_modules/randexp",
              "requires": {
                "browserify": "^16.1.0",
                "drange": "^1.0.2",
                "gulp": "^3.9.0",
                "gulp-header": "^2.0.1",
                "gulp-insert": "^0.5.0",
                "gulp-uglify": "^3.0.0",
                "istanbul": "*",
                "mocha": "^5.0.0",
                "ret": "^0.2.0",
                "vinyl-buffer": "^1.0.1",
                "vinyl-source-stream": "^1.1.2"
              }
            },
            "replace-in-file": {
              "version": "file:../../../node_modules/.pnpm/replace-in-file@6.3.5/node_modules/replace-in-file",
              "requires": {
                "@babel/cli": "^7.15.7",
                "@babel/core": "^7.15.8",
                "@babel/preset-env": "^7.15.8",
                "@babel/register": "^7.15.3",
                "babel-plugin-istanbul": "^6.1.1",
                "bluebird": "^3.7.2",
                "chai": "^4.3.4",
                "chai-as-promised": "^7.1.1",
                "chalk": "^4.1.2",
                "dirty-chai": "^2.0.1",
                "glob": "^7.2.0",
                "mocha": "^9.1.3",
                "nyc": "^15.0.1",
                "yargs": "^17.2.1"
              }
            },
            "zod": {
              "version": "file:../../../node_modules/.pnpm/zod@3.21.4/node_modules/zod",
              "requires": {
                "@rollup/plugin-typescript": "^8.2.0",
                "@types/benchmark": "^2.1.0",
                "@types/jest": "^29.2.2",
                "@types/node": "14",
                "@typescript-eslint/eslint-plugin": "^5.15.0",
                "@typescript-eslint/parser": "^5.15.0",
                "benchmark": "^2.1.4",
                "dependency-cruiser": "^9.19.0",
                "eslint": "^8.11.0",
                "eslint-config-prettier": "^8.5.0",
                "eslint-plugin-ban": "^1.6.0",
                "eslint-plugin-import": "^2.25.4",
                "eslint-plugin-simple-import-sort": "^7.0.0",
                "eslint-plugin-unused-imports": "^2.0.0",
                "husky": "^7.0.4",
                "jest": "^29.3.1",
                "lint-staged": "^12.3.7",
                "nodemon": "^2.0.15",
                "prettier": "^2.6.0",
                "pretty-quick": "^3.1.3",
                "rollup": "^2.70.1",
                "ts-jest": "^29.0.3",
                "ts-morph": "^14.0.0",
                "ts-node": "^10.9.1",
                "tslib": "^2.3.1",
                "tsx": "^3.8.0",
                "typescript": "~4.5.0"
              }
            }
          }
        }
      }
    },
    "typescript": {
      "version": "5.0.3",
      "resolved": "https://registry.npmjs.org/typescript/-/typescript-5.0.3.tgz",
      "integrity": "sha512-xv8mOEDnigb/tN9PSMTwSEqAnUvkoXMQlicOb0IUVDBSQCgBSaAAROUZYy2IcUy5qU6XajK5jjjO7TMWqBTKZA==",
      "dev": true
    }
  }
}
